
Microsoft Visual Studio Solution File, Format Version 12.00
# Visual Studio Version 17
VisualStudioVersion = 17.4.33213.308
MinimumVisualStudioVersion = 10.0.40219.1
Project("{FAE04EC0-301F-11D3-BF4B-00C04F79EFBC}") = "StudentLib", "Student\StudentLib.csproj", "{330E791F-501A-45AD-B678-3A5331774AB4}"
EndProject
Project("{FAE04EC0-301F-11D3-BF4B-00C04F79EFBC}") = "StudentsUI", "StudentsUI\StudentsUI.csproj", "{4E2B54D8-89E2-40C7-86D9-9EE27B089E85}"
EndProject
Global
	GlobalSection(SolutionConfigurationPlatforms) = preSolution
		Debug|Any CPU = Debug|Any CPU
		Release|Any CPU = Release|Any CPU
	EndGlobalSection
	GlobalSection(ProjectConfigurationPlatforms) = postSolution
		{330E791F-501A-45AD-B678-3A5331774AB4}.Debug|Any CPU.ActiveCfg = Debug|Any CPU
		{330E791F-501A-45AD-B678-3A5331774AB4}.Debug|Any CPU.Build.0 = Debug|Any CPU
		{330E791F-501A-45AD-B678-3A5331774AB4}.Release|Any CPU.ActiveCfg = Release|Any CPU
		{330E791F-501A-45AD-B678-3A5331774AB4}.Release|Any CPU.Build.0 = Release|Any CPU
		{4E2B54D8-89E2-40C7-86D9-9EE27B089E85}.Debug|Any CPU.ActiveCfg = Debug|Any CPU
		{4E2B54D8-89E2-40C7-86D9-9EE27B089E85}.Debug|Any CPU.Build.0 = Debug|Any CPU
		{4E2B54D8-89E2-40C7-86D9-9EE27B089E85}.Release|Any CPU.ActiveCfg = Release|Any CPU
		{4E2B54D8-89E2-40C7-86D9-9EE27B089E85}.Release|Any CPU.Build.0 = Release|Any CPU
	EndGlobalSection
	GlobalSection(SolutionProperties) = preSolution
		HideSolutionNode = FALSE
	EndGlobalSection
	GlobalSection(ExtensibilityGlobals) = postSolution
		SolutionGuid = {33C192F9-2BEF-4D09-92E0-7C41BB80590D}
	EndGlobalSection
EndGlobal
