
Microsoft Visual Studio Solution File, Format Version 12.00
# Visual Studio Version 17
VisualStudioVersion = 17.5.33424.131
MinimumVisualStudioVersion = 10.0.40219.1
Project("{FAE04EC0-301F-11D3-BF4B-00C04F79EFBC}") = "DelegatesLib", "DelegatesLib\DelegatesLib.csproj", "{2EA7B884-4885-4D30-B5C0-F1C54BC656BA}"
EndProject
Project("{FAE04EC0-301F-11D3-BF4B-00C04F79EFBC}") = "DelegatesUI", "DelegatesUI\DelegatesUI.csproj", "{641637BE-2CC5-483B-82FC-FDF140770707}"
EndProject
Global
	GlobalSection(SolutionConfigurationPlatforms) = preSolution
		Debug|Any CPU = Debug|Any CPU
		Release|Any CPU = Release|Any CPU
	EndGlobalSection
	GlobalSection(ProjectConfigurationPlatforms) = postSolution
		{2EA7B884-4885-4D30-B5C0-F1C54BC656BA}.Debug|Any CPU.ActiveCfg = Debug|Any CPU
		{2EA7B884-4885-4D30-B5C0-F1C54BC656BA}.Debug|Any CPU.Build.0 = Debug|Any CPU
		{2EA7B884-4885-4D30-B5C0-F1C54BC656BA}.Release|Any CPU.ActiveCfg = Release|Any CPU
		{2EA7B884-4885-4D30-B5C0-F1C54BC656BA}.Release|Any CPU.Build.0 = Release|Any CPU
		{641637BE-2CC5-483B-82FC-FDF140770707}.Debug|Any CPU.ActiveCfg = Debug|Any CPU
		{641637BE-2CC5-483B-82FC-FDF140770707}.Debug|Any CPU.Build.0 = Debug|Any CPU
		{641637BE-2CC5-483B-82FC-FDF140770707}.Release|Any CPU.ActiveCfg = Release|Any CPU
		{641637BE-2CC5-483B-82FC-FDF140770707}.Release|Any CPU.Build.0 = Release|Any CPU
	EndGlobalSection
	GlobalSection(SolutionProperties) = preSolution
		HideSolutionNode = FALSE
	EndGlobalSection
	GlobalSection(ExtensibilityGlobals) = postSolution
		SolutionGuid = {40528C42-EB99-4D7B-A998-D02644FBA070}
	EndGlobalSection
EndGlobal
